// !$*UTF8*$!
{
	archiveVersion = 1;
	classes = {
	};
	objectVersion = 56;
	objects = {

/* Begin PBXBuildFile section */
		225408082C7904E400DF3A01 /* telaDePerfilApp.swift in Sources */ = {isa = PBXBuildFile; fileRef = 225408072C7904E400DF3A01 /* telaDePerfilApp.swift */; };
		2254080A2C7904E400DF3A01 /* ContentView.swift in Sources */ = {isa = PBXBuildFile; fileRef = 225408092C7904E400DF3A01 /* ContentView.swift */; };
		2254080C2C7904E500DF3A01 /* Assets.xcassets in Resources */ = {isa = PBXBuildFile; fileRef = 2254080B2C7904E500DF3A01 /* Assets.xcassets */; };
		2254080F2C7904E500DF3A01 /* Preview Assets.xcassets in Resources */ = {isa = PBXBuildFile; fileRef = 2254080E2C7904E500DF3A01 /* Preview Assets.xcassets */; };
		225408192C7904E500DF3A01 /* telaDePerfilTests.swift in Sources */ = {isa = PBXBuildFile; fileRef = 225408182C7904E500DF3A01 /* telaDePerfilTests.swift */; };
		225408232C7904E500DF3A01 /* telaDePerfilUITests.swift in Sources */ = {isa = PBXBuildFile; fileRef = 225408222C7904E500DF3A01 /* telaDePerfilUITests.swift */; };
		225408252C7904E500DF3A01 /* telaDePerfilUITestsLaunchTests.swift in Sources */ = {isa = PBXBuildFile; fileRef = 225408242C7904E500DF3A01 /* telaDePerfilUITestsLaunchTests.swift */; };
/* End PBXBuildFile section */

/* Begin PBXContainerItemProxy section */
		225408152C7904E500DF3A01 /* PBXContainerItemProxy */ = {
			isa = PBXContainerItemProxy;
			containerPortal = 225407FC2C7904E400DF3A01 /* Project object */;
			proxyType = 1;
			remoteGlobalIDString = 225408032C7904E400DF3A01;
			remoteInfo = telaDePerfil;
		};
		2254081F2C7904E500DF3A01 /* PBXContainerItemProxy */ = {
			isa = PBXContainerItemProxy;
			containerPortal = 225407FC2C7904E400DF3A01 /* Project object */;
			proxyType = 1;
			remoteGlobalIDString = 225408032C7904E400DF3A01;
			remoteInfo = telaDePerfil;
		};
/* End PBXContainerItemProxy section */

/* Begin PBXFileReference section */
		225408042C7904E400DF3A01 /* telaDePerfil.app */ = {isa = PBXFileReference; explicitFileType = wrapper.application; includeInIndex = 0; path = telaDePerfil.app; sourceTree = BUILT_PRODUCTS_DIR; };
		225408072C7904E400DF3A01 /* telaDePerfilApp.swift */ = {isa = PBXFileReference; lastKnownFileType = sourcecode.swift; path = telaDePerfilApp.swift; sourceTree = "<group>"; };
		225408092C7904E400DF3A01 /* ContentView.swift */ = {isa = PBXFileReference; lastKnownFileType = sourcecode.swift; path = ContentView.swift; sourceTree = "<group>"; };
		2254080B2C7904E500DF3A01 /* Assets.xcassets */ = {isa = PBXFileReference; lastKnownFileType = folder.assetcatalog; path = Assets.xcassets; sourceTree = "<group>"; };
		2254080E2C7904E500DF3A01 /* Preview Assets.xcassets */ = {isa = PBXFileReference; lastKnownFileType = folder.assetcatalog; path = "Preview Assets.xcassets"; sourceTree = "<group>"; };
		225408142C7904E500DF3A01 /* telaDePerfilTests.xctest */ = {isa = PBXFileReference; explicitFileType = wrapper.cfbundle; includeInIndex = 0; path = telaDePerfilTests.xctest; sourceTree = BUILT_PRODUCTS_DIR; };
		225408182C7904E500DF3A01 /* telaDePerfilTests.swift */ = {isa = PBXFileReference; lastKnownFileType = sourcecode.swift; path = telaDePerfilTests.swift; sourceTree = "<group>"; };
		2254081E2C7904E500DF3A01 /* telaDePerfilUITests.xctest */ = {isa = PBXFileReference; explicitFileType = wrapper.cfbundle; includeInIndex = 0; path = telaDePerfilUITests.xctest; sourceTree = BUILT_PRODUCTS_DIR; };
		225408222C7904E500DF3A01 /* telaDePerfilUITests.swift */ = {isa = PBXFileReference; lastKnownFileType = sourcecode.swift; path = telaDePerfilUITests.swift; sourceTree = "<group>"; };
		225408242C7904E500DF3A01 /* telaDePerfilUITestsLaunchTests.swift */ = {isa = PBXFileReference; lastKnownFileType = sourcecode.swift; path = telaDePerfilUITestsLaunchTests.swift; sourceTree = "<group>"; };
/* End PBXFileReference section */

/* Begin PBXFrameworksBuildPhase section */
		225408012C7904E400DF3A01 /* Frameworks */ = {
			isa = PBXFrameworksBuildPhase;
			buildActionMask = 2147483647;
			files = (
			);
			runOnlyForDeploymentPostprocessing = 0;
		};
		225408112C7904E500DF3A01 /* Frameworks */ = {
			isa = PBXFrameworksBuildPhase;
			buildActionMask = 2147483647;
			files = (
			);
			runOnlyForDeploymentPostprocessing = 0;
		};
		2254081B2C7904E500DF3A01 /* Frameworks */ = {
			isa = PBXFrameworksBuildPhase;
			buildActionMask = 2147483647;
			files = (
			);
			runOnlyForDeploymentPostprocessing = 0;
		};
/* End PBXFrameworksBuildPhase section */

/* Begin PBXGroup section */
		225407FB2C7904E400DF3A01 = {
			isa = PBXGroup;
			children = (
				225408062C7904E400DF3A01 /* telaDePerfil */,
				225408172C7904E500DF3A01 /* telaDePerfilTests */,
				225408212C7904E500DF3A01 /* telaDePerfilUITests */,
				225408052C7904E400DF3A01 /* Products */,
			);
			sourceTree = "<group>";
		};
		225408052C7904E400DF3A01 /* Products */ = {
			isa = PBXGroup;
			children = (
				225408042C7904E400DF3A01 /* telaDePerfil.app */,
				225408142C7904E500DF3A01 /* telaDePerfilTests.xctest */,
				2254081E2C7904E500DF3A01 /* telaDePerfilUITests.xctest */,
			);
			name = Products;
			sourceTree = "<group>";
		};
		225408062C7904E400DF3A01 /* telaDePerfil */ = {
			isa = PBXGroup;
			children = (
				225408072C7904E400DF3A01 /* telaDePerfilApp.swift */,
				225408092C7904E400DF3A01 /* ContentView.swift */,
				2254080B2C7904E500DF3A01 /* Assets.xcassets */,
				2254080D2C7904E500DF3A01 /* Preview Content */,
			);
			path = telaDePerfil;
			sourceTree = "<group>";
		};
		2254080D2C7904E500DF3A01 /* Preview Content */ = {
			isa = PBXGroup;
			children = (
				2254080E2C7904E500DF3A01 /* Preview Assets.xcassets */,
			);
			path = "Preview Content";
			sourceTree = "<group>";
		};
		225408172C7904E500DF3A01 /* telaDePerfilTests */ = {
			isa = PBXGroup;
			children = (
				225408182C7904E500DF3A01 /* telaDePerfilTests.swift */,
			);
			path = telaDePerfilTests;
			sourceTree = "<group>";
		};
		225408212C7904E500DF3A01 /* telaDePerfilUITests */ = {
			isa = PBXGroup;
			children = (
				225408222C7904E500DF3A01 /* telaDePerfilUITests.swift */,
				225408242C7904E500DF3A01 /* telaDePerfilUITestsLaunchTests.swift */,
			);
			path = telaDePerfilUITests;
			sourceTree = "<group>";
		};
/* End PBXGroup section */

/* Begin PBXNativeTarget section */
		225408032C7904E400DF3A01 /* telaDePerfil */ = {
			isa = PBXNativeTarget;
			buildConfigurationList = 225408282C7904E500DF3A01 /* Build configuration list for PBXNativeTarget "telaDePerfil" */;
			buildPhases = (
				225408002C7904E400DF3A01 /* Sources */,
				225408012C7904E400DF3A01 /* Frameworks */,
				225408022C7904E400DF3A01 /* Resources */,
			);
			buildRules = (
			);
			dependencies = (
			);
			name = telaDePerfil;
			productName = telaDePerfil;
			productReference = 225408042C7904E400DF3A01 /* telaDePerfil.app */;
			productType = "com.apple.product-type.application";
		};
		225408132C7904E500DF3A01 /* telaDePerfilTests */ = {
			isa = PBXNativeTarget;
			buildConfigurationList = 2254082B2C7904E500DF3A01 /* Build configuration list for PBXNativeTarget "telaDePerfilTests" */;
			buildPhases = (
				225408102C7904E500DF3A01 /* Sources */,
				225408112C7904E500DF3A01 /* Frameworks */,
				225408122C7904E500DF3A01 /* Resources */,
			);
			buildRules = (
			);
			dependencies = (
				225408162C7904E500DF3A01 /* PBXTargetDependency */,
			);
			name = telaDePerfilTests;
			productName = telaDePerfilTests;
			productReference = 225408142C7904E500DF3A01 /* telaDePerfilTests.xctest */;
			productType = "com.apple.product-type.bundle.unit-test";
		};
		2254081D2C7904E500DF3A01 /* telaDePerfilUITests */ = {
			isa = PBXNativeTarget;
			buildConfigurationList = 2254082E2C7904E500DF3A01 /* Build configuration list for PBXNativeTarget "telaDePerfilUITests" */;
			buildPhases = (
				2254081A2C7904E500DF3A01 /* Sources */,
				2254081B2C7904E500DF3A01 /* Frameworks */,
				2254081C2C7904E500DF3A01 /* Resources */,
			);
			buildRules = (
			);
			dependencies = (
				225408202C7904E500DF3A01 /* PBXTargetDependency */,
			);
			name = telaDePerfilUITests;
			productName = telaDePerfilUITests;
			productReference = 2254081E2C7904E500DF3A01 /* telaDePerfilUITests.xctest */;
			productType = "com.apple.product-type.bundle.ui-testing";
		};
/* End PBXNativeTarget section */

/* Begin PBXProject section */
		225407FC2C7904E400DF3A01 /* Project object */ = {
			isa = PBXProject;
			attributes = {
				BuildIndependentTargetsInParallel = 1;
				LastSwiftUpdateCheck = 1520;
				LastUpgradeCheck = 1520;
				TargetAttributes = {
					225408032C7904E400DF3A01 = {
						CreatedOnToolsVersion = 15.2;
					};
					225408132C7904E500DF3A01 = {
						CreatedOnToolsVersion = 15.2;
						TestTargetID = 225408032C7904E400DF3A01;
					};
					2254081D2C7904E500DF3A01 = {
						CreatedOnToolsVersion = 15.2;
						TestTargetID = 225408032C7904E400DF3A01;
					};
				};
			};
			buildConfigurationList = 225407FF2C7904E400DF3A01 /* Build configuration list for PBXProject "telaDePerfil" */;
			compatibilityVersion = "Xcode 14.0";
			developmentRegion = en;
			hasScannedForEncodings = 0;
			knownRegions = (
				en,
				Base,
			);
			mainGroup = 225407FB2C7904E400DF3A01;
			productRefGroup = 225408052C7904E400DF3A01 /* Products */;
			projectDirPath = "";
			projectRoot = "";
			targets = (
				225408032C7904E400DF3A01 /* telaDePerfil */,
				225408132C7904E500DF3A01 /* telaDePerfilTests */,
				2254081D2C7904E500DF3A01 /* telaDePerfilUITests */,
			);
		};
/* End PBXProject section */

/* Begin PBXResourcesBuildPhase section */
		225408022C7904E400DF3A01 /* Resources */ = {
			isa = PBXResourcesBuildPhase;
			buildActionMask = 2147483647;
			files = (
				2254080F2C7904E500DF3A01 /* Preview Assets.xcassets in Resources */,
				2254080C2C7904E500DF3A01 /* Assets.xcassets in Resources */,
			);
			runOnlyForDeploymentPostprocessing = 0;
		};
		225408122C7904E500DF3A01 /* Resources */ = {
			isa = PBXResourcesBuildPhase;
			buildActionMask = 2147483647;
			files = (
			);
			runOnlyForDeploymentPostprocessing = 0;
		};
		2254081C2C7904E500DF3A01 /* Resources */ = {
			isa = PBXResourcesBuildPhase;
			buildActionMask = 2147483647;
			files = (
			);
			runOnlyForDeploymentPostprocessing = 0;
		};
/* End PBXResourcesBuildPhase section */

/* Begin PBXSourcesBuildPhase section */
		225408002C7904E400DF3A01 /* Sources */ = {
			isa = PBXSourcesBuildPhase;
			buildActionMask = 2147483647;
			files = (
				2254080A2C7904E400DF3A01 /* ContentView.swift in Sources */,
				225408082C7904E400DF3A01 /* telaDePerfilApp.swift in Sources */,
			);
			runOnlyForDeploymentPostprocessing = 0;
		};
		225408102C7904E500DF3A01 /* Sources */ = {
			isa = PBXSourcesBuildPhase;
			buildActionMask = 2147483647;
			files = (
				225408192C7904E500DF3A01 /* telaDePerfilTests.swift in Sources */,
			);
			runOnlyForDeploymentPostprocessing = 0;
		};
		2254081A2C7904E500DF3A01 /* Sources */ = {
			isa = PBXSourcesBuildPhase;
			buildActionMask = 2147483647;
			files = (
				225408232C7904E500DF3A01 /* telaDePerfilUITests.swift in Sources */,
				225408252C7904E500DF3A01 /* telaDePerfilUITestsLaunchTests.swift in Sources */,
			);
			runOnlyForDeploymentPostprocessing = 0;
		};
/* End PBXSourcesBuildPhase section */

/* Begin PBXTargetDependency section */
		225408162C7904E500DF3A01 /* PBXTargetDependency */ = {
			isa = PBXTargetDependency;
			target = 225408032C7904E400DF3A01 /* telaDePerfil */;
			targetProxy = 225408152C7904E500DF3A01 /* PBXContainerItemProxy */;
		};
		225408202C7904E500DF3A01 /* PBXTargetDependency */ = {
			isa = PBXTargetDependency;
			target = 225408032C7904E400DF3A01 /* telaDePerfil */;
			targetProxy = 2254081F2C7904E500DF3A01 /* PBXContainerItemProxy */;
		};
/* End PBXTargetDependency section */

/* Begin XCBuildConfiguration section */
		225408262C7904E500DF3A01 /* Debug */ = {
			isa = XCBuildConfiguration;
			buildSettings = {
				ALWAYS_SEARCH_USER_PATHS = NO;
				ASSETCATALOG_COMPILER_GENERATE_SWIFT_ASSET_SYMBOL_EXTENSIONS = YES;
				CLANG_ANALYZER_NONNULL = YES;
				CLANG_ANALYZER_NUMBER_OBJECT_CONVERSION = YES_AGGRESSIVE;
				CLANG_CXX_LANGUAGE_STANDARD = "gnu++20";
				CLANG_ENABLE_MODULES = YES;
				CLANG_ENABLE_OBJC_ARC = YES;
				CLANG_ENABLE_OBJC_WEAK = YES;
				CLANG_WARN_BLOCK_CAPTURE_AUTORELEASING = YES;
				CLANG_WARN_BOOL_CONVERSION = YES;
				CLANG_WARN_COMMA = YES;
				CLANG_WARN_CONSTANT_CONVERSION = YES;
				CLANG_WARN_DEPRECATED_OBJC_IMPLEMENTATIONS = YES;
				CLANG_WARN_DIRECT_OBJC_ISA_USAGE = YES_ERROR;
				CLANG_WARN_DOCUMENTATION_COMMENTS = YES;
				CLANG_WARN_EMPTY_BODY = YES;
				CLANG_WARN_ENUM_CONVERSION = YES;
				CLANG_WARN_INFINITE_RECURSION = YES;
				CLANG_WARN_INT_CONVERSION = YES;
				CLANG_WARN_NON_LITERAL_NULL_CONVERSION = YES;
				CLANG_WARN_OBJC_IMPLICIT_RETAIN_SELF = YES;
				CLANG_WARN_OBJC_LITERAL_CONVERSION = YES;
				CLANG_WARN_OBJC_ROOT_CLASS = YES_ERROR;
				CLANG_WARN_QUOTED_INCLUDE_IN_FRAMEWORK_HEADER = YES;
				CLANG_WARN_RANGE_LOOP_ANALYSIS = YES;
				CLANG_WARN_STRICT_PROTOTYPES = YES;
				CLANG_WARN_SUSPICIOUS_MOVE = YES;
				CLANG_WARN_UNGUARDED_AVAILABILITY = YES_AGGRESSIVE;
				CLANG_WARN_UNREACHABLE_CODE = YES;
				CLANG_WARN__DUPLICATE_METHOD_MATCH = YES;
				COPY_PHASE_STRIP = NO;
				DEBUG_INFORMATION_FORMAT = dwarf;
				ENABLE_STRICT_OBJC_MSGSEND = YES;
				ENABLE_TESTABILITY = YES;
				ENABLE_USER_SCRIPT_SANDBOXING = YES;
				GCC_C_LANGUAGE_STANDARD = gnu17;
				GCC_DYNAMIC_NO_PIC = NO;
				GCC_NO_COMMON_BLOCKS = YES;
				GCC_OPTIMIZATION_LEVEL = 0;
				GCC_PREPROCESSOR_DEFINITIONS = (
					"DEBUG=1",
					"$(inherited)",
				);
				GCC_WARN_64_TO_32_BIT_CONVERSION = YES;
				GCC_WARN_ABOUT_RETURN_TYPE = YES_ERROR;
				GCC_WARN_UNDECLARED_SELECTOR = YES;
				GCC_WARN_UNINITIALIZED_AUTOS = YES_AGGRESSIVE;
				GCC_WARN_UNUSED_FUNCTION = YES;
				GCC_WARN_UNUSED_VARIABLE = YES;
				IPHONEOS_DEPLOYMENT_TARGET = 17.2;
				LOCALIZATION_PREFERS_STRING_CATALOGS = YES;
				MTL_ENABLE_DEBUG_INFO = INCLUDE_SOURCE;
				MTL_FAST_MATH = YES;
				ONLY_ACTIVE_ARCH = YES;
				SDKROOT = iphoneos;
				SWIFT_ACTIVE_COMPILATION_CONDITIONS = "DEBUG $(inherited)";
				SWIFT_OPTIMIZATION_LEVEL = "-Onone";
			};
			name = Debug;
		};
		225408272C7904E500DF3A01 /* Release */ = {
			isa = XCBuildConfiguration;
			buildSettings = {
				ALWAYS_SEARCH_USER_PATHS = NO;
				ASSETCATALOG_COMPILER_GENERATE_SWIFT_ASSET_SYMBOL_EXTENSIONS = YES;
				CLANG_ANALYZER_NONNULL = YES;
				CLANG_ANALYZER_NUMBER_OBJECT_CONVERSION = YES_AGGRESSIVE;
				CLANG_CXX_LANGUAGE_STANDARD = "gnu++20";
				CLANG_ENABLE_MODULES = YES;
				CLANG_ENABLE_OBJC_ARC = YES;
				CLANG_ENABLE_OBJC_WEAK = YES;
				CLANG_WARN_BLOCK_CAPTURE_AUTORELEASING = YES;
				CLANG_WARN_BOOL_CONVERSION = YES;
				CLANG_WARN_COMMA = YES;
				CLANG_WARN_CONSTANT_CONVERSION = YES;
				CLANG_WARN_DEPRECATED_OBJC_IMPLEMENTATIONS = YES;
				CLANG_WARN_DIRECT_OBJC_ISA_USAGE = YES_ERROR;
				CLANG_WARN_DOCUMENTATION_COMMENTS = YES;
				CLANG_WARN_EMPTY_BODY = YES;
				CLANG_WARN_ENUM_CONVERSION = YES;
				CLANG_WARN_INFINITE_RECURSION = YES;
				CLANG_WARN_INT_CONVERSION = YES;
				CLANG_WARN_NON_LITERAL_NULL_CONVERSION = YES;
				CLANG_WARN_OBJC_IMPLICIT_RETAIN_SELF = YES;
				CLANG_WARN_OBJC_LITERAL_CONVERSION = YES;
				CLANG_WARN_OBJC_ROOT_CLASS = YES_ERROR;
				CLANG_WARN_QUOTED_INCLUDE_IN_FRAMEWORK_HEADER = YES;
				CLANG_WARN_RANGE_LOOP_ANALYSIS = YES;
				CLANG_WARN_STRICT_PROTOTYPES = YES;
				CLANG_WARN_SUSPICIOUS_MOVE = YES;
				CLANG_WARN_UNGUARDED_AVAILABILITY = YES_AGGRESSIVE;
				CLANG_WARN_UNREACHABLE_CODE = YES;
				CLANG_WARN__DUPLICATE_METHOD_MATCH = YES;
				COPY_PHASE_STRIP = NO;
				DEBUG_INFORMATION_FORMAT = "dwarf-with-dsym";
				ENABLE_NS_ASSERTIONS = NO;
				ENABLE_STRICT_OBJC_MSGSEND = YES;
				ENABLE_USER_SCRIPT_SANDBOXING = YES;
				GCC_C_LANGUAGE_STANDARD = gnu17;
				GCC_NO_COMMON_BLOCKS = YES;
				GCC_WARN_64_TO_32_BIT_CONVERSION = YES;
				GCC_WARN_ABOUT_RETURN_TYPE = YES_ERROR;
				GCC_WARN_UNDECLARED_SELECTOR = YES;
				GCC_WARN_UNINITIALIZED_AUTOS = YES_AGGRESSIVE;
				GCC_WARN_UNUSED_FUNCTION = YES;
				GCC_WARN_UNUSED_VARIABLE = YES;
				IPHONEOS_DEPLOYMENT_TARGET = 17.2;
				LOCALIZATION_PREFERS_STRING_CATALOGS = YES;
				MTL_ENABLE_DEBUG_INFO = NO;
				MTL_FAST_MATH = YES;
				SDKROOT = iphoneos;
				SWIFT_COMPILATION_MODE = wholemodule;
				VALIDATE_PRODUCT = YES;
			};
			name = Release;
		};
		225408292C7904E500DF3A01 /* Debug */ = {
			isa = XCBuildConfiguration;
			buildSettings = {
				ASSETCATALOG_COMPILER_APPICON_NAME = AppIcon;
				ASSETCATALOG_COMPILER_GLOBAL_ACCENT_COLOR_NAME = AccentColor;
				CODE_SIGN_STYLE = Automatic;
				CURRENT_PROJECT_VERSION = 1;
				DEVELOPMENT_ASSET_PATHS = "\"telaDePerfil/Preview Content\"";
				ENABLE_PREVIEWS = YES;
				GENERATE_INFOPLIST_FILE = YES;
				INFOPLIST_KEY_UIApplicationSceneManifest_Generation = YES;
				INFOPLIST_KEY_UIApplicationSupportsIndirectInputEvents = YES;
				INFOPLIST_KEY_UILaunchScreen_Generation = YES;
				INFOPLIST_KEY_UISupportedInterfaceOrientations_iPad = "UIInterfaceOrientationPortrait UIInterfaceOrientationPortraitUpsideDown UIInterfaceOrientationLandscapeLeft UIInterfaceOrientationLandscapeRight";
				INFOPLIST_KEY_UISupportedInterfaceOrientations_iPhone = "UIInterfaceOrientationPortrait UIInterfaceOrientationLandscapeLeft UIInterfaceOrientationLandscapeRight";
				LD_RUNPATH_SEARCH_PATHS = (
					"$(inherited)",
					"@executable_path/Frameworks",
				);
				MARKETING_VERSION = 1.0;
				PRODUCT_BUNDLE_IDENTIFIER = time7.app.telaDePerfil;
				PRODUCT_NAME = "$(TARGET_NAME)";
				SWIFT_EMIT_LOC_STRINGS = YES;
				SWIFT_VERSION = 5.0;
				TARGETED_DEVICE_FAMILY = "1,2";
			};
			name = Debug;
		};
		2254082A2C7904E500DF3A01 /* Release */ = {
			isa = XCBuildConfiguration;
			buildSettings = {
				ASSETCATALOG_COMPILER_APPICON_NAME = AppIcon;
				ASSETCATALOG_COMPILER_GLOBAL_ACCENT_COLOR_NAME = AccentColor;
				CODE_SIGN_STYLE = Automatic;
				CURRENT_PROJECT_VERSION = 1;
				DEVELOPMENT_ASSET_PATHS = "\"telaDePerfil/Preview Content\"";
				ENABLE_PREVIEWS = YES;
				GENERATE_INFOPLIST_FILE = YES;
				INFOPLIST_KEY_UIApplicationSceneManifest_Generation = YES;
				INFOPLIST_KEY_UIApplicationSupportsIndirectInputEvents = YES;
				INFOPLIST_KEY_UILaunchScreen_Generation = YES;
				INFOPLIST_KEY_UISupportedInterfaceOrientations_iPad = "UIInterfaceOrientationPortrait UIInterfaceOrientationPortraitUpsideDown UIInterfaceOrientationLandscapeLeft UIInterfaceOrientationLandscapeRight";
				INFOPLIST_KEY_UISupportedInterfaceOrientations_iPhone = "UIInterfaceOrientationPortrait UIInterfaceOrientationLandscapeLeft UIInterfaceOrientationLandscapeRight";
				LD_RUNPATH_SEARCH_PATHS = (
					"$(inherited)",
					"@executable_path/Frameworks",
				);
				MARKETING_VERSION = 1.0;
				PRODUCT_BUNDLE_IDENTIFIER = time7.app.telaDePerfil;
				PRODUCT_NAME = "$(TARGET_NAME)";
				SWIFT_EMIT_LOC_STRINGS = YES;
				SWIFT_VERSION = 5.0;
				TARGETED_DEVICE_FAMILY = "1,2";
			};
			name = Release;
		};
		2254082C2C7904E500DF3A01 /* Debug */ = {
			isa = XCBuildConfiguration;
			buildSettings = {
				ALWAYS_EMBED_SWIFT_STANDARD_LIBRARIES = YES;
				BUNDLE_LOADER = "$(TEST_HOST)";
				CODE_SIGN_STYLE = Automatic;
				CURRENT_PROJECT_VERSION = 1;
				GENERATE_INFOPLIST_FILE = YES;
				IPHONEOS_DEPLOYMENT_TARGET = 17.2;
				MARKETING_VERSION = 1.0;
				PRODUCT_BUNDLE_IDENTIFIER = time7.app.telaDePerfilTests;
				PRODUCT_NAME = "$(TARGET_NAME)";
				SWIFT_EMIT_LOC_STRINGS = NO;
				SWIFT_VERSION = 5.0;
				TARGETED_DEVICE_FAMILY = "1,2";
				TEST_HOST = "$(BUILT_PRODUCTS_DIR)/telaDePerfil.app/$(BUNDLE_EXECUTABLE_FOLDER_PATH)/telaDePerfil";
			};
			name = Debug;
		};
		2254082D2C7904E500DF3A01 /* Release */ = {
			isa = XCBuildConfiguration;
			buildSettings = {
				ALWAYS_EMBED_SWIFT_STANDARD_LIBRARIES = YES;
				BUNDLE_LOADER = "$(TEST_HOST)";
				CODE_SIGN_STYLE = Automatic;
				CURRENT_PROJECT_VERSION = 1;
				GENERATE_INFOPLIST_FILE = YES;
				IPHONEOS_DEPLOYMENT_TARGET = 17.2;
				MARKETING_VERSION = 1.0;
				PRODUCT_BUNDLE_IDENTIFIER = time7.app.telaDePerfilTests;
				PRODUCT_NAME = "$(TARGET_NAME)";
				SWIFT_EMIT_LOC_STRINGS = NO;
				SWIFT_VERSION = 5.0;
				TARGETED_DEVICE_FAMILY = "1,2";
				TEST_HOST = "$(BUILT_PRODUCTS_DIR)/telaDePerfil.app/$(BUNDLE_EXECUTABLE_FOLDER_PATH)/telaDePerfil";
			};
			name = Release;
		};
		2254082F2C7904E500DF3A01 /* Debug */ = {
			isa = XCBuildConfiguration;
			buildSettings = {
				ALWAYS_EMBED_SWIFT_STANDARD_LIBRARIES = YES;
				CODE_SIGN_STYLE = Automatic;
				CURRENT_PROJECT_VERSION = 1;
				GENERATE_INFOPLIST_FILE = YES;
				MARKETING_VERSION = 1.0;
				PRODUCT_BUNDLE_IDENTIFIER = time7.app.telaDePerfilUITests;
				PRODUCT_NAME = "$(TARGET_NAME)";
				SWIFT_EMIT_LOC_STRINGS = NO;
				SWIFT_VERSION = 5.0;
				TARGETED_DEVICE_FAMILY = "1,2";
				TEST_TARGET_NAME = telaDePerfil;
			};
			name = Debug;
		};
		225408302C7904E500DF3A01 /* Release */ = {
			isa = XCBuildConfiguration;
			buildSettings = {
				ALWAYS_EMBED_SWIFT_STANDARD_LIBRARIES = YES;
				CODE_SIGN_STYLE = Automatic;
				CURRENT_PROJECT_VERSION = 1;
				GENERATE_INFOPLIST_FILE = YES;
				MARKETING_VERSION = 1.0;
				PRODUCT_BUNDLE_IDENTIFIER = time7.app.telaDePerfilUITests;
				PRODUCT_NAME = "$(TARGET_NAME)";
				SWIFT_EMIT_LOC_STRINGS = NO;
				SWIFT_VERSION = 5.0;
				TARGETED_DEVICE_FAMILY = "1,2";
				TEST_TARGET_NAME = telaDePerfil;
			};
			name = Release;
		};
/* End XCBuildConfiguration section */

/* Begin XCConfigurationList section */
		225407FF2C7904E400DF3A01 /* Build configuration list for PBXProject "telaDePerfil" */ = {
			isa = XCConfigurationList;
			buildConfigurations = (
				225408262C7904E500DF3A01 /* Debug */,
				225408272C7904E500DF3A01 /* Release */,
			);
			defaultConfigurationIsVisible = 0;
			defaultConfigurationName = Release;
		};
		225408282C7904E500DF3A01 /* Build configuration list for PBXNativeTarget "telaDePerfil" */ = {
			isa = XCConfigurationList;
			buildConfigurations = (
				225408292C7904E500DF3A01 /* Debug */,
				2254082A2C7904E500DF3A01 /* Release */,
			);
			defaultConfigurationIsVisible = 0;
			defaultConfigurationName = Release;
		};
		2254082B2C7904E500DF3A01 /* Build configuration list for PBXNativeTarget "telaDePerfilTests" */ = {
			isa = XCConfigurationList;
			buildConfigurations = (
				2254082C2C7904E500DF3A01 /* Debug */,
				2254082D2C7904E500DF3A01 /* Release */,
			);
			defaultConfigurationIsVisible = 0;
			defaultConfigurationName = Release;
		};
		2254082E2C7904E500DF3A01 /* Build configuration list for PBXNativeTarget "telaDePerfilUITests" */ = {
			isa = XCConfigurationList;
			buildConfigurations = (
				2254082F2C7904E500DF3A01 /* Debug */,
				225408302C7904E500DF3A01 /* Release */,
			);
			defaultConfigurationIsVisible = 0;
			defaultConfigurationName = Release;
		};
/* End XCConfigurationList section */
	};
	rootObject = 225407FC2C7904E400DF3A01 /* Project object */;
}
