// !$*UTF8*$!
{
	archiveVersion = 1;
	classes = {
	};
	objectVersion = 56;
	objects = {

/* Begin PBXBuildFile section */
		2209093E2BEE87930027B3D7 /* SearchScreen.swift in Sources */ = {isa = PBXBuildFile; fileRef = 2209093D2BEE87930027B3D7 /* SearchScreen.swift */; };
		220909422BEE87A30027B3D7 /* StoreScreen.swift in Sources */ = {isa = PBXBuildFile; fileRef = 220909412BEE87A30027B3D7 /* StoreScreen.swift */; };
		220909472BEE90710027B3D7 /* FilterSheet.swift in Sources */ = {isa = PBXBuildFile; fileRef = 220909462BEE90710027B3D7 /* FilterSheet.swift */; };
		2214CC3E2BE15F73006A1C58 /* app_monitoriaApp.swift in Sources */ = {isa = PBXBuildFile; fileRef = 2214CC3D2BE15F73006A1C58 /* app_monitoriaApp.swift */; };
		2214CC402BE15F73006A1C58 /* ContentView.swift in Sources */ = {isa = PBXBuildFile; fileRef = 2214CC3F2BE15F73006A1C58 /* ContentView.swift */; };
		2214CC422BE15F74006A1C58 /* Assets.xcassets in Resources */ = {isa = PBXBuildFile; fileRef = 2214CC412BE15F74006A1C58 /* Assets.xcassets */; };
		2214CC462BE15F74006A1C58 /* Preview Assets.xcassets in Resources */ = {isa = PBXBuildFile; fileRef = 2214CC452BE15F74006A1C58 /* Preview Assets.xcassets */; };
		2214CC4D2BE16BEE006A1C58 /* TelaInicial.swift in Sources */ = {isa = PBXBuildFile; fileRef = 2214CC4C2BE16BEE006A1C58 /* TelaInicial.swift */; };
		2214CC512BE17089006A1C58 /* RankScreen.swift in Sources */ = {isa = PBXBuildFile; fileRef = 2214CC502BE17089006A1C58 /* RankScreen.swift */; };
		2214CC552BE175C8006A1C58 /* ProfileScreen.swift in Sources */ = {isa = PBXBuildFile; fileRef = 2214CC542BE175C8006A1C58 /* ProfileScreen.swift */; };
		2214CC572BE179A6006A1C58 /* SettingsSheet.swift in Sources */ = {isa = PBXBuildFile; fileRef = 2214CC562BE179A6006A1C58 /* SettingsSheet.swift */; };
		222D489F2C8B8BD60066048F /* telaMonitoria.swift in Sources */ = {isa = PBXBuildFile; fileRef = 222D489E2C8B8BD60066048F /* telaMonitoria.swift */; };
		225256752C7E422F005B668D /* arraySalas.swift in Sources */ = {isa = PBXBuildFile; fileRef = 225256742C7E422F005B668D /* arraySalas.swift */; };
		22B096AD2C6BD01000EA5A75 /* materiaView.swift in Sources */ = {isa = PBXBuildFile; fileRef = 22B096AC2C6BD01000EA5A75 /* materiaView.swift */; };
		22B096B72C6BD4F600EA5A75 /* Materia.swift in Sources */ = {isa = PBXBuildFile; fileRef = 22B096B62C6BD4F600EA5A75 /* Materia.swift */; };
		22BA339B2C878B8700251F52 /* TelaInicial2.swift in Sources */ = {isa = PBXBuildFile; fileRef = 22BA339A2C878B8700251F52 /* TelaInicial2.swift */; };
		22CFFBAC2C8B74C500D1714E /* User.swift in Sources */ = {isa = PBXBuildFile; fileRef = 22CFFBAB2C8B74C500D1714E /* User.swift */; };
		22CFFBB02C8B770300D1714E /* arrayUsers.swift in Sources */ = {isa = PBXBuildFile; fileRef = 22CFFBAF2C8B770300D1714E /* arrayUsers.swift */; };
/* End PBXBuildFile section */

/* Begin PBXFileReference section */
		2209093D2BEE87930027B3D7 /* SearchScreen.swift */ = {isa = PBXFileReference; lastKnownFileType = sourcecode.swift; path = SearchScreen.swift; sourceTree = "<group>"; };
		220909412BEE87A30027B3D7 /* StoreScreen.swift */ = {isa = PBXFileReference; lastKnownFileType = sourcecode.swift; path = StoreScreen.swift; sourceTree = "<group>"; };
		220909462BEE90710027B3D7 /* FilterSheet.swift */ = {isa = PBXFileReference; lastKnownFileType = sourcecode.swift; path = FilterSheet.swift; sourceTree = "<group>"; };
		2214CC3A2BE15F73006A1C58 /* app_monitoria.app */ = {isa = PBXFileReference; explicitFileType = wrapper.application; includeInIndex = 0; path = app_monitoria.app; sourceTree = BUILT_PRODUCTS_DIR; };
		2214CC3D2BE15F73006A1C58 /* app_monitoriaApp.swift */ = {isa = PBXFileReference; lastKnownFileType = sourcecode.swift; path = app_monitoriaApp.swift; sourceTree = "<group>"; };
		2214CC3F2BE15F73006A1C58 /* ContentView.swift */ = {isa = PBXFileReference; lastKnownFileType = sourcecode.swift; path = ContentView.swift; sourceTree = "<group>"; };
		2214CC412BE15F74006A1C58 /* Assets.xcassets */ = {isa = PBXFileReference; lastKnownFileType = folder.assetcatalog; path = Assets.xcassets; sourceTree = "<group>"; };
		2214CC432BE15F74006A1C58 /* app_monitoria.entitlements */ = {isa = PBXFileReference; lastKnownFileType = text.plist.entitlements; path = app_monitoria.entitlements; sourceTree = "<group>"; };
		2214CC452BE15F74006A1C58 /* Preview Assets.xcassets */ = {isa = PBXFileReference; lastKnownFileType = folder.assetcatalog; path = "Preview Assets.xcassets"; sourceTree = "<group>"; };
		2214CC4C2BE16BEE006A1C58 /* TelaInicial.swift */ = {isa = PBXFileReference; lastKnownFileType = sourcecode.swift; path = TelaInicial.swift; sourceTree = "<group>"; };
		2214CC502BE17089006A1C58 /* RankScreen.swift */ = {isa = PBXFileReference; lastKnownFileType = sourcecode.swift; path = RankScreen.swift; sourceTree = "<group>"; };
		2214CC542BE175C8006A1C58 /* ProfileScreen.swift */ = {isa = PBXFileReference; lastKnownFileType = sourcecode.swift; path = ProfileScreen.swift; sourceTree = "<group>"; };
		2214CC562BE179A6006A1C58 /* SettingsSheet.swift */ = {isa = PBXFileReference; lastKnownFileType = sourcecode.swift; path = SettingsSheet.swift; sourceTree = "<group>"; };
		222D489E2C8B8BD60066048F /* telaMonitoria.swift */ = {isa = PBXFileReference; lastKnownFileType = sourcecode.swift; path = telaMonitoria.swift; sourceTree = "<group>"; };
		225256742C7E422F005B668D /* arraySalas.swift */ = {isa = PBXFileReference; lastKnownFileType = sourcecode.swift; path = arraySalas.swift; sourceTree = "<group>"; };
		22B096AC2C6BD01000EA5A75 /* materiaView.swift */ = {isa = PBXFileReference; lastKnownFileType = sourcecode.swift; path = materiaView.swift; sourceTree = "<group>"; };
		22B096B62C6BD4F600EA5A75 /* Materia.swift */ = {isa = PBXFileReference; lastKnownFileType = sourcecode.swift; path = Materia.swift; sourceTree = "<group>"; };
		22BA339A2C878B8700251F52 /* TelaInicial2.swift */ = {isa = PBXFileReference; lastKnownFileType = sourcecode.swift; path = TelaInicial2.swift; sourceTree = "<group>"; };
		22CFFBAB2C8B74C500D1714E /* User.swift */ = {isa = PBXFileReference; lastKnownFileType = sourcecode.swift; path = User.swift; sourceTree = "<group>"; };
		22CFFBAF2C8B770300D1714E /* arrayUsers.swift */ = {isa = PBXFileReference; lastKnownFileType = sourcecode.swift; path = arrayUsers.swift; sourceTree = "<group>"; };
/* End PBXFileReference section */

/* Begin PBXFrameworksBuildPhase section */
		2214CC372BE15F73006A1C58 /* Frameworks */ = {
			isa = PBXFrameworksBuildPhase;
			buildActionMask = 2147483647;
			files = (
			);
			runOnlyForDeploymentPostprocessing = 0;
		};
/* End PBXFrameworksBuildPhase section */

/* Begin PBXGroup section */
		2214CC312BE15F73006A1C58 = {
			isa = PBXGroup;
			children = (
				2214CC3C2BE15F73006A1C58 /* app_monitoria */,
				2214CC3B2BE15F73006A1C58 /* Products */,
			);
			sourceTree = "<group>";
		};
		2214CC3B2BE15F73006A1C58 /* Products */ = {
			isa = PBXGroup;
			children = (
				2214CC3A2BE15F73006A1C58 /* app_monitoria.app */,
			);
			name = Products;
			sourceTree = "<group>";
		};
		2214CC3C2BE15F73006A1C58 /* app_monitoria */ = {
			isa = PBXGroup;
			children = (
				2214CC3D2BE15F73006A1C58 /* app_monitoriaApp.swift */,
				2214CC3F2BE15F73006A1C58 /* ContentView.swift */,
				22D322C02C791B0F0008825B /* Views */,
				22D322BD2C791B000008825B /* Sheets */,
				22D322B62C791A920008825B /* Functions */,
				22D322CD2C791BB30008825B /* Target Views */,
				2214CC412BE15F74006A1C58 /* Assets.xcassets */,
				2214CC432BE15F74006A1C58 /* app_monitoria.entitlements */,
				2214CC442BE15F74006A1C58 /* Preview Content */,
			);
			path = app_monitoria;
			sourceTree = "<group>";
		};
		2214CC442BE15F74006A1C58 /* Preview Content */ = {
			isa = PBXGroup;
			children = (
				2214CC452BE15F74006A1C58 /* Preview Assets.xcassets */,
			);
			path = "Preview Content";
			sourceTree = "<group>";
		};
		22D322B62C791A920008825B /* Functions */ = {
			isa = PBXGroup;
			children = (
				22B096AC2C6BD01000EA5A75 /* materiaView.swift */,
				22B096B62C6BD4F600EA5A75 /* Materia.swift */,
				225256742C7E422F005B668D /* arraySalas.swift */,
				22CFFBAB2C8B74C500D1714E /* User.swift */,
				22CFFBAF2C8B770300D1714E /* arrayUsers.swift */,
			);
			path = Functions;
			sourceTree = "<group>";
		};
		22D322BD2C791B000008825B /* Sheets */ = {
			isa = PBXGroup;
			children = (
				2214CC562BE179A6006A1C58 /* SettingsSheet.swift */,
				220909462BEE90710027B3D7 /* FilterSheet.swift */,
			);
			path = Sheets;
			sourceTree = "<group>";
		};
		22D322C02C791B0F0008825B /* Views */ = {
			isa = PBXGroup;
			children = (
				2214CC4C2BE16BEE006A1C58 /* TelaInicial.swift */,
				22BA339A2C878B8700251F52 /* TelaInicial2.swift */,
				2209093D2BEE87930027B3D7 /* SearchScreen.swift */,
				2214CC542BE175C8006A1C58 /* ProfileScreen.swift */,
				2214CC502BE17089006A1C58 /* RankScreen.swift */,
				220909412BEE87A30027B3D7 /* StoreScreen.swift */,
			);
			path = Views;
			sourceTree = "<group>";
		};
		22D322CD2C791BB30008825B /* Target Views */ = {
			isa = PBXGroup;
			children = (
				222D489E2C8B8BD60066048F /* telaMonitoria.swift */,
			);
			path = "Target Views";
			sourceTree = "<group>";
		};
/* End PBXGroup section */

/* Begin PBXNativeTarget section */
		2214CC392BE15F73006A1C58 /* app_monitoria */ = {
			isa = PBXNativeTarget;
			buildConfigurationList = 2214CC492BE15F74006A1C58 /* Build configuration list for PBXNativeTarget "app_monitoria" */;
			buildPhases = (
				2214CC362BE15F73006A1C58 /* Sources */,
				2214CC372BE15F73006A1C58 /* Frameworks */,
				2214CC382BE15F73006A1C58 /* Resources */,
			);
			buildRules = (
			);
			dependencies = (
				2216CB812BEA931F006B8E06 /* PBXTargetDependency */,
			);
			name = app_monitoria;
			productName = app_monitoria;
			productReference = 2214CC3A2BE15F73006A1C58 /* app_monitoria.app */;
			productType = "com.apple.product-type.application";
		};
/* End PBXNativeTarget section */

/* Begin PBXProject section */
		2214CC322BE15F73006A1C58 /* Project object */ = {
			isa = PBXProject;
			attributes = {
				BuildIndependentTargetsInParallel = 1;
				LastSwiftUpdateCheck = 1520;
				LastUpgradeCheck = 1520;
				TargetAttributes = {
					2214CC392BE15F73006A1C58 = {
						CreatedOnToolsVersion = 15.2;
					};
				};
			};
			buildConfigurationList = 2214CC352BE15F73006A1C58 /* Build configuration list for PBXProject "app_monitoria" */;
			compatibilityVersion = "Xcode 14.0";
			developmentRegion = en;
			hasScannedForEncodings = 0;
			knownRegions = (
				en,
				Base,
			);
			mainGroup = 2214CC312BE15F73006A1C58;
			packageReferences = (
				2216CB7F2BEA9315006B8E06 /* XCRemoteSwiftPackageReference "swiftui-lint" */,
			);
			productRefGroup = 2214CC3B2BE15F73006A1C58 /* Products */;
			projectDirPath = "";
			projectRoot = "";
			targets = (
				2214CC392BE15F73006A1C58 /* app_monitoria */,
			);
		};
/* End PBXProject section */

/* Begin PBXResourcesBuildPhase section */
		2214CC382BE15F73006A1C58 /* Resources */ = {
			isa = PBXResourcesBuildPhase;
			buildActionMask = 2147483647;
			files = (
				2214CC462BE15F74006A1C58 /* Preview Assets.xcassets in Resources */,
				2214CC422BE15F74006A1C58 /* Assets.xcassets in Resources */,
			);
			runOnlyForDeploymentPostprocessing = 0;
		};
/* End PBXResourcesBuildPhase section */

/* Begin PBXSourcesBuildPhase section */
		2214CC362BE15F73006A1C58 /* Sources */ = {
			isa = PBXSourcesBuildPhase;
			buildActionMask = 2147483647;
			files = (
				2214CC4D2BE16BEE006A1C58 /* TelaInicial.swift in Sources */,
				2214CC572BE179A6006A1C58 /* SettingsSheet.swift in Sources */,
				22B096AD2C6BD01000EA5A75 /* materiaView.swift in Sources */,
				22CFFBB02C8B770300D1714E /* arrayUsers.swift in Sources */,
				225256752C7E422F005B668D /* arraySalas.swift in Sources */,
				220909422BEE87A30027B3D7 /* StoreScreen.swift in Sources */,
				22BA339B2C878B8700251F52 /* TelaInicial2.swift in Sources */,
				2214CC552BE175C8006A1C58 /* ProfileScreen.swift in Sources */,
				2209093E2BEE87930027B3D7 /* SearchScreen.swift in Sources */,
				2214CC402BE15F73006A1C58 /* ContentView.swift in Sources */,
				22B096B72C6BD4F600EA5A75 /* Materia.swift in Sources */,
				2214CC3E2BE15F73006A1C58 /* app_monitoriaApp.swift in Sources */,
				2214CC512BE17089006A1C58 /* RankScreen.swift in Sources */,
				220909472BEE90710027B3D7 /* FilterSheet.swift in Sources */,
				22CFFBAC2C8B74C500D1714E /* User.swift in Sources */,
				222D489F2C8B8BD60066048F /* telaMonitoria.swift in Sources */,
			);
			runOnlyForDeploymentPostprocessing = 0;
		};
/* End PBXSourcesBuildPhase section */

/* Begin PBXTargetDependency section */
		2216CB812BEA931F006B8E06 /* PBXTargetDependency */ = {
			isa = PBXTargetDependency;
			productRef = 2216CB802BEA931F006B8E06 /* SwiftUILintPlugin */;
		};
/* End PBXTargetDependency section */

/* Begin XCBuildConfiguration section */
		2214CC472BE15F74006A1C58 /* Debug */ = {
			isa = XCBuildConfiguration;
			buildSettings = {
				ALWAYS_SEARCH_USER_PATHS = NO;
				ASSETCATALOG_COMPILER_GENERATE_SWIFT_ASSET_SYMBOL_EXTENSIONS = YES;
				CLANG_ANALYZER_NONNULL = YES;
				CLANG_ANALYZER_NUMBER_OBJECT_CONVERSION = YES_AGGRESSIVE;
				CLANG_CXX_LANGUAGE_STANDARD = "gnu++20";
				CLANG_ENABLE_MODULES = YES;
				CLANG_ENABLE_OBJC_ARC = YES;
				CLANG_ENABLE_OBJC_WEAK = YES;
				CLANG_WARN_BLOCK_CAPTURE_AUTORELEASING = YES;
				CLANG_WARN_BOOL_CONVERSION = YES;
				CLANG_WARN_COMMA = YES;
				CLANG_WARN_CONSTANT_CONVERSION = YES;
				CLANG_WARN_DEPRECATED_OBJC_IMPLEMENTATIONS = YES;
				CLANG_WARN_DIRECT_OBJC_ISA_USAGE = YES_ERROR;
				CLANG_WARN_DOCUMENTATION_COMMENTS = YES;
				CLANG_WARN_EMPTY_BODY = YES;
				CLANG_WARN_ENUM_CONVERSION = YES;
				CLANG_WARN_INFINITE_RECURSION = YES;
				CLANG_WARN_INT_CONVERSION = YES;
				CLANG_WARN_NON_LITERAL_NULL_CONVERSION = YES;
				CLANG_WARN_OBJC_IMPLICIT_RETAIN_SELF = YES;
				CLANG_WARN_OBJC_LITERAL_CONVERSION = YES;
				CLANG_WARN_OBJC_ROOT_CLASS = YES_ERROR;
				CLANG_WARN_QUOTED_INCLUDE_IN_FRAMEWORK_HEADER = YES;
				CLANG_WARN_RANGE_LOOP_ANALYSIS = YES;
				CLANG_WARN_STRICT_PROTOTYPES = YES;
				CLANG_WARN_SUSPICIOUS_MOVE = YES;
				CLANG_WARN_UNGUARDED_AVAILABILITY = YES_AGGRESSIVE;
				CLANG_WARN_UNREACHABLE_CODE = YES;
				CLANG_WARN__DUPLICATE_METHOD_MATCH = YES;
				COPY_PHASE_STRIP = NO;
				DEBUG_INFORMATION_FORMAT = dwarf;
				ENABLE_STRICT_OBJC_MSGSEND = YES;
				ENABLE_TESTABILITY = YES;
				ENABLE_USER_SCRIPT_SANDBOXING = YES;
				GCC_C_LANGUAGE_STANDARD = gnu17;
				GCC_DYNAMIC_NO_PIC = NO;
				GCC_NO_COMMON_BLOCKS = YES;
				GCC_OPTIMIZATION_LEVEL = 0;
				GCC_PREPROCESSOR_DEFINITIONS = (
					"DEBUG=1",
					"$(inherited)",
				);
				GCC_WARN_64_TO_32_BIT_CONVERSION = YES;
				GCC_WARN_ABOUT_RETURN_TYPE = YES_ERROR;
				GCC_WARN_UNDECLARED_SELECTOR = YES;
				GCC_WARN_UNINITIALIZED_AUTOS = YES_AGGRESSIVE;
				GCC_WARN_UNUSED_FUNCTION = YES;
				GCC_WARN_UNUSED_VARIABLE = YES;
				LOCALIZATION_PREFERS_STRING_CATALOGS = YES;
				MTL_ENABLE_DEBUG_INFO = INCLUDE_SOURCE;
				MTL_FAST_MATH = YES;
				ONLY_ACTIVE_ARCH = YES;
				SWIFT_ACTIVE_COMPILATION_CONDITIONS = "DEBUG $(inherited)";
				SWIFT_OPTIMIZATION_LEVEL = "-Onone";
			};
			name = Debug;
		};
		2214CC482BE15F74006A1C58 /* Release */ = {
			isa = XCBuildConfiguration;
			buildSettings = {
				ALWAYS_SEARCH_USER_PATHS = NO;
				ASSETCATALOG_COMPILER_GENERATE_SWIFT_ASSET_SYMBOL_EXTENSIONS = YES;
				CLANG_ANALYZER_NONNULL = YES;
				CLANG_ANALYZER_NUMBER_OBJECT_CONVERSION = YES_AGGRESSIVE;
				CLANG_CXX_LANGUAGE_STANDARD = "gnu++20";
				CLANG_ENABLE_MODULES = YES;
				CLANG_ENABLE_OBJC_ARC = YES;
				CLANG_ENABLE_OBJC_WEAK = YES;
				CLANG_WARN_BLOCK_CAPTURE_AUTORELEASING = YES;
				CLANG_WARN_BOOL_CONVERSION = YES;
				CLANG_WARN_COMMA = YES;
				CLANG_WARN_CONSTANT_CONVERSION = YES;
				CLANG_WARN_DEPRECATED_OBJC_IMPLEMENTATIONS = YES;
				CLANG_WARN_DIRECT_OBJC_ISA_USAGE = YES_ERROR;
				CLANG_WARN_DOCUMENTATION_COMMENTS = YES;
				CLANG_WARN_EMPTY_BODY = YES;
				CLANG_WARN_ENUM_CONVERSION = YES;
				CLANG_WARN_INFINITE_RECURSION = YES;
				CLANG_WARN_INT_CONVERSION = YES;
				CLANG_WARN_NON_LITERAL_NULL_CONVERSION = YES;
				CLANG_WARN_OBJC_IMPLICIT_RETAIN_SELF = YES;
				CLANG_WARN_OBJC_LITERAL_CONVERSION = YES;
				CLANG_WARN_OBJC_ROOT_CLASS = YES_ERROR;
				CLANG_WARN_QUOTED_INCLUDE_IN_FRAMEWORK_HEADER = YES;
				CLANG_WARN_RANGE_LOOP_ANALYSIS = YES;
				CLANG_WARN_STRICT_PROTOTYPES = YES;
				CLANG_WARN_SUSPICIOUS_MOVE = YES;
				CLANG_WARN_UNGUARDED_AVAILABILITY = YES_AGGRESSIVE;
				CLANG_WARN_UNREACHABLE_CODE = YES;
				CLANG_WARN__DUPLICATE_METHOD_MATCH = YES;
				COPY_PHASE_STRIP = NO;
				DEBUG_INFORMATION_FORMAT = "dwarf-with-dsym";
				ENABLE_NS_ASSERTIONS = NO;
				ENABLE_STRICT_OBJC_MSGSEND = YES;
				ENABLE_USER_SCRIPT_SANDBOXING = YES;
				GCC_C_LANGUAGE_STANDARD = gnu17;
				GCC_NO_COMMON_BLOCKS = YES;
				GCC_WARN_64_TO_32_BIT_CONVERSION = YES;
				GCC_WARN_ABOUT_RETURN_TYPE = YES_ERROR;
				GCC_WARN_UNDECLARED_SELECTOR = YES;
				GCC_WARN_UNINITIALIZED_AUTOS = YES_AGGRESSIVE;
				GCC_WARN_UNUSED_FUNCTION = YES;
				GCC_WARN_UNUSED_VARIABLE = YES;
				LOCALIZATION_PREFERS_STRING_CATALOGS = YES;
				MTL_ENABLE_DEBUG_INFO = NO;
				MTL_FAST_MATH = YES;
				SWIFT_COMPILATION_MODE = wholemodule;
			};
			name = Release;
		};
		2214CC4A2BE15F74006A1C58 /* Debug */ = {
			isa = XCBuildConfiguration;
			buildSettings = {
				ASSETCATALOG_COMPILER_APPICON_NAME = AppIcon;
				ASSETCATALOG_COMPILER_GLOBAL_ACCENT_COLOR_NAME = AccentColor;
				CODE_SIGN_ENTITLEMENTS = app_monitoria/app_monitoria.entitlements;
				CODE_SIGN_STYLE = Automatic;
				CURRENT_PROJECT_VERSION = 1;
				DEVELOPMENT_ASSET_PATHS = "\"app_monitoria/Preview Content\"";
				DEVELOPMENT_TEAM = 45BX7W7QF5;
				ENABLE_PREVIEWS = YES;
				GENERATE_INFOPLIST_FILE = YES;
				"INFOPLIST_KEY_UIApplicationSceneManifest_Generation[sdk=iphoneos*]" = YES;
				"INFOPLIST_KEY_UIApplicationSceneManifest_Generation[sdk=iphonesimulator*]" = YES;
				"INFOPLIST_KEY_UIApplicationSupportsIndirectInputEvents[sdk=iphoneos*]" = YES;
				"INFOPLIST_KEY_UIApplicationSupportsIndirectInputEvents[sdk=iphonesimulator*]" = YES;
				"INFOPLIST_KEY_UILaunchScreen_Generation[sdk=iphoneos*]" = YES;
				"INFOPLIST_KEY_UILaunchScreen_Generation[sdk=iphonesimulator*]" = YES;
				"INFOPLIST_KEY_UIStatusBarStyle[sdk=iphoneos*]" = UIStatusBarStyleDefault;
				"INFOPLIST_KEY_UIStatusBarStyle[sdk=iphonesimulator*]" = UIStatusBarStyleDefault;
				INFOPLIST_KEY_UISupportedInterfaceOrientations_iPad = "UIInterfaceOrientationPortrait UIInterfaceOrientationPortraitUpsideDown UIInterfaceOrientationLandscapeLeft UIInterfaceOrientationLandscapeRight";
				INFOPLIST_KEY_UISupportedInterfaceOrientations_iPhone = "UIInterfaceOrientationPortrait UIInterfaceOrientationLandscapeLeft UIInterfaceOrientationLandscapeRight";
				IPHONEOS_DEPLOYMENT_TARGET = 17.0;
				LD_RUNPATH_SEARCH_PATHS = "@executable_path/Frameworks";
				"LD_RUNPATH_SEARCH_PATHS[sdk=macosx*]" = "@executable_path/../Frameworks";
				MACOSX_DEPLOYMENT_TARGET = 13.5;
				MARKETING_VERSION = 1.0;
				PRODUCT_BUNDLE_IDENTIFIER = "time7.com.app-monitoria";
				PRODUCT_NAME = "$(TARGET_NAME)";
				SDKROOT = auto;
				SUPPORTED_PLATFORMS = "iphoneos iphonesimulator macosx";
				SWIFT_EMIT_LOC_STRINGS = YES;
				SWIFT_VERSION = 5.0;
				TARGETED_DEVICE_FAMILY = "1,2";
			};
			name = Debug;
		};
		2214CC4B2BE15F74006A1C58 /* Release */ = {
			isa = XCBuildConfiguration;
			buildSettings = {
				ASSETCATALOG_COMPILER_APPICON_NAME = AppIcon;
				ASSETCATALOG_COMPILER_GLOBAL_ACCENT_COLOR_NAME = AccentColor;
				CODE_SIGN_ENTITLEMENTS = app_monitoria/app_monitoria.entitlements;
				CODE_SIGN_STYLE = Automatic;
				CURRENT_PROJECT_VERSION = 1;
				DEVELOPMENT_ASSET_PATHS = "\"app_monitoria/Preview Content\"";
				DEVELOPMENT_TEAM = 45BX7W7QF5;
				ENABLE_PREVIEWS = YES;
				GENERATE_INFOPLIST_FILE = YES;
				"INFOPLIST_KEY_UIApplicationSceneManifest_Generation[sdk=iphoneos*]" = YES;
				"INFOPLIST_KEY_UIApplicationSceneManifest_Generation[sdk=iphonesimulator*]" = YES;
				"INFOPLIST_KEY_UIApplicationSupportsIndirectInputEvents[sdk=iphoneos*]" = YES;
				"INFOPLIST_KEY_UIApplicationSupportsIndirectInputEvents[sdk=iphonesimulator*]" = YES;
				"INFOPLIST_KEY_UILaunchScreen_Generation[sdk=iphoneos*]" = YES;
				"INFOPLIST_KEY_UILaunchScreen_Generation[sdk=iphonesimulator*]" = YES;
				"INFOPLIST_KEY_UIStatusBarStyle[sdk=iphoneos*]" = UIStatusBarStyleDefault;
				"INFOPLIST_KEY_UIStatusBarStyle[sdk=iphonesimulator*]" = UIStatusBarStyleDefault;
				INFOPLIST_KEY_UISupportedInterfaceOrientations_iPad = "UIInterfaceOrientationPortrait UIInterfaceOrientationPortraitUpsideDown UIInterfaceOrientationLandscapeLeft UIInterfaceOrientationLandscapeRight";
				INFOPLIST_KEY_UISupportedInterfaceOrientations_iPhone = "UIInterfaceOrientationPortrait UIInterfaceOrientationLandscapeLeft UIInterfaceOrientationLandscapeRight";
				IPHONEOS_DEPLOYMENT_TARGET = 17.0;
				LD_RUNPATH_SEARCH_PATHS = "@executable_path/Frameworks";
				"LD_RUNPATH_SEARCH_PATHS[sdk=macosx*]" = "@executable_path/../Frameworks";
				MACOSX_DEPLOYMENT_TARGET = 13.5;
				MARKETING_VERSION = 1.0;
				PRODUCT_BUNDLE_IDENTIFIER = "time7.com.app-monitoria";
				PRODUCT_NAME = "$(TARGET_NAME)";
				SDKROOT = auto;
				SUPPORTED_PLATFORMS = "iphoneos iphonesimulator macosx";
				SWIFT_EMIT_LOC_STRINGS = YES;
				SWIFT_VERSION = 5.0;
				TARGETED_DEVICE_FAMILY = "1,2";
			};
			name = Release;
		};
/* End XCBuildConfiguration section */

/* Begin XCConfigurationList section */
		2214CC352BE15F73006A1C58 /* Build configuration list for PBXProject "app_monitoria" */ = {
			isa = XCConfigurationList;
			buildConfigurations = (
				2214CC472BE15F74006A1C58 /* Debug */,
				2214CC482BE15F74006A1C58 /* Release */,
			);
			defaultConfigurationIsVisible = 0;
			defaultConfigurationName = Release;
		};
		2214CC492BE15F74006A1C58 /* Build configuration list for PBXNativeTarget "app_monitoria" */ = {
			isa = XCConfigurationList;
			buildConfigurations = (
				2214CC4A2BE15F74006A1C58 /* Debug */,
				2214CC4B2BE15F74006A1C58 /* Release */,
			);
			defaultConfigurationIsVisible = 0;
			defaultConfigurationName = Release;
		};
/* End XCConfigurationList section */

/* Begin XCRemoteSwiftPackageReference section */
		2216CB7F2BEA9315006B8E06 /* XCRemoteSwiftPackageReference "swiftui-lint" */ = {
			isa = XCRemoteSwiftPackageReference;
			repositoryURL = "https://github.com/mateusrodriguesxyz/swiftui-lint";
			requirement = {
				branch = beta;
				kind = branch;
			};
		};
/* End XCRemoteSwiftPackageReference section */

/* Begin XCSwiftPackageProductDependency section */
		2216CB802BEA931F006B8E06 /* SwiftUILintPlugin */ = {
			isa = XCSwiftPackageProductDependency;
			package = 2216CB7F2BEA9315006B8E06 /* XCRemoteSwiftPackageReference "swiftui-lint" */;
			productName = "plugin:SwiftUILintPlugin";
		};
/* End XCSwiftPackageProductDependency section */
	};
	rootObject = 2214CC322BE15F73006A1C58 /* Project object */;
}
